
Microsoft Visual Studio Solution File, Format Version 12.00
# Visual Studio Version 17
VisualStudioVersion = 17.8.34525.116
MinimumVisualStudioVersion = 10.0.40219.1
Project("{FAE04EC0-301F-11D3-BF4B-00C04F79EFBC}") = "convertisseurMonnaies", "convertisseurMonnaies.csproj", "{EDA60593-BDD3-4A62-9B58-18E97CBEE3E1}"
EndProject
Global
	GlobalSection(SolutionConfigurationPlatforms) = preSolution
		Debug|Any CPU = Debug|Any CPU
		Release|Any CPU = Release|Any CPU
	EndGlobalSection
	GlobalSection(ProjectConfigurationPlatforms) = postSolution
		{EDA60593-BDD3-4A62-9B58-18E97CBEE3E1}.Debug|Any CPU.ActiveCfg = Debug|Any CPU
		{EDA60593-BDD3-4A62-9B58-18E97CBEE3E1}.Debug|Any CPU.Build.0 = Debug|Any CPU
		{EDA60593-BDD3-4A62-9B58-18E97CBEE3E1}.Release|Any CPU.ActiveCfg = Release|Any CPU
		{EDA60593-BDD3-4A62-9B58-18E97CBEE3E1}.Release|Any CPU.Build.0 = Release|Any CPU
	EndGlobalSection
	GlobalSection(SolutionProperties) = preSolution
		HideSolutionNode = FALSE
	EndGlobalSection
	GlobalSection(ExtensibilityGlobals) = postSolution
		SolutionGuid = {C59A4593-AA0F-41FA-B82F-AED1104370C8}
	EndGlobalSection
EndGlobal
