
Microsoft Visual Studio Solution File, Format Version 12.00
# Visual Studio Version 17
VisualStudioVersion = 17.8.34525.116
MinimumVisualStudioVersion = 10.0.40219.1
Project("{FAE04EC0-301F-11D3-BF4B-00C04F79EFBC}") = "GalerieDePhotos", "GalerieDePhotos.csproj", "{E30445B2-072B-463C-9503-2F8FB9E9F86D}"
EndProject
Global
	GlobalSection(SolutionConfigurationPlatforms) = preSolution
		Debug|Any CPU = Debug|Any CPU
		Release|Any CPU = Release|Any CPU
	EndGlobalSection
	GlobalSection(ProjectConfigurationPlatforms) = postSolution
		{E30445B2-072B-463C-9503-2F8FB9E9F86D}.Debug|Any CPU.ActiveCfg = Debug|Any CPU
		{E30445B2-072B-463C-9503-2F8FB9E9F86D}.Debug|Any CPU.Build.0 = Debug|Any CPU
		{E30445B2-072B-463C-9503-2F8FB9E9F86D}.Release|Any CPU.ActiveCfg = Release|Any CPU
		{E30445B2-072B-463C-9503-2F8FB9E9F86D}.Release|Any CPU.Build.0 = Release|Any CPU
	EndGlobalSection
	GlobalSection(SolutionProperties) = preSolution
		HideSolutionNode = FALSE
	EndGlobalSection
	GlobalSection(ExtensibilityGlobals) = postSolution
		SolutionGuid = {3A966614-54E3-4958-BFAE-09799BECF3A9}
	EndGlobalSection
EndGlobal
